
Microsoft Visual Studio Solution File, Format Version 12.00
# Visual Studio Version 16
VisualStudioVersion = 16.0.30907.101
MinimumVisualStudioVersion = 10.0.40219.1
Project("{FAE04EC0-301F-11D3-BF4B-00C04F79EFBC}") = "AddIns", "AddIns\AddIns.csproj", "{4E539FF6-8DCF-43EB-825D-A38C3B2283DA}"
EndProject
Project("{FAE04EC0-301F-11D3-BF4B-00C04F79EFBC}") = "OfficeAddInSetup", "..\OfficeAddInSetup\OfficeAddInSetup\OfficeAddInSetup.csproj", "{331CB07D-5B5F-4AEC-B974-AB2952344F75}"
EndProject
Global
	GlobalSection(SolutionConfigurationPlatforms) = preSolution
		Debug|Any CPU = Debug|Any CPU
		Release|Any CPU = Release|Any CPU
	EndGlobalSection
	GlobalSection(ProjectConfigurationPlatforms) = postSolution
		{4E539FF6-8DCF-43EB-825D-A38C3B2283DA}.Debug|Any CPU.ActiveCfg = Debug|Any CPU
		{4E539FF6-8DCF-43EB-825D-A38C3B2283DA}.Debug|Any CPU.Build.0 = Debug|Any CPU
		{4E539FF6-8DCF-43EB-825D-A38C3B2283DA}.Release|Any CPU.ActiveCfg = Release|Any CPU
		{4E539FF6-8DCF-43EB-825D-A38C3B2283DA}.Release|Any CPU.Build.0 = Release|Any CPU
		{331CB07D-5B5F-4AEC-B974-AB2952344F75}.Debug|Any CPU.ActiveCfg = Debug|Any CPU
		{331CB07D-5B5F-4AEC-B974-AB2952344F75}.Debug|Any CPU.Build.0 = Debug|Any CPU
		{331CB07D-5B5F-4AEC-B974-AB2952344F75}.Release|Any CPU.ActiveCfg = Release|Any CPU
		{331CB07D-5B5F-4AEC-B974-AB2952344F75}.Release|Any CPU.Build.0 = Release|Any CPU
	EndGlobalSection
	GlobalSection(SolutionProperties) = preSolution
		HideSolutionNode = FALSE
	EndGlobalSection
	GlobalSection(ExtensibilityGlobals) = postSolution
		SolutionGuid = {088C1B1F-1A16-4291-A739-0A66CAFD4887}
	EndGlobalSection
EndGlobal
